
Microsoft Visual Studio Solution File, Format Version 12.00
# Visual Studio Version 16
VisualStudioVersion = 16.0.30804.86
MinimumVisualStudioVersion = 10.0.40219.1
Project("{FAE04EC0-301F-11D3-BF4B-00C04F79EFBC}") = "GC_Capstone2_PigLatin", "GC_Capstone2_PigLatin\GC_Capstone2_PigLatin.csproj", "{F83E6057-480B-40E0-8E28-93B3DB544CE4}"
EndProject
Global
	GlobalSection(SolutionConfigurationPlatforms) = preSolution
		Debug|Any CPU = Debug|Any CPU
		Release|Any CPU = Release|Any CPU
	EndGlobalSection
	GlobalSection(ProjectConfigurationPlatforms) = postSolution
		{F83E6057-480B-40E0-8E28-93B3DB544CE4}.Debug|Any CPU.ActiveCfg = Debug|Any CPU
		{F83E6057-480B-40E0-8E28-93B3DB544CE4}.Debug|Any CPU.Build.0 = Debug|Any CPU
		{F83E6057-480B-40E0-8E28-93B3DB544CE4}.Release|Any CPU.ActiveCfg = Release|Any CPU
		{F83E6057-480B-40E0-8E28-93B3DB544CE4}.Release|Any CPU.Build.0 = Release|Any CPU
	EndGlobalSection
	GlobalSection(SolutionProperties) = preSolution
		HideSolutionNode = FALSE
	EndGlobalSection
	GlobalSection(ExtensibilityGlobals) = postSolution
		SolutionGuid = {091DE13D-F5E8-4260-9596-F03743F0A2DF}
	EndGlobalSection
EndGlobal
